// !$*UTF8*$!
{
	archiveVersion = 1;
	classes = {
	};
	objectVersion = 55;
	objects = {

/* Begin PBXBuildFile section */
		A61BBD0A27A9887E00F50C3F /* UICollectionView+Utils.swift in Sources */ = {isa = PBXBuildFile; fileRef = A61BBD0927A9887E00F50C3F /* UICollectionView+Utils.swift */; };
		A61BBD0D27A988C300F50C3F /* PhotoCatalogCell.swift in Sources */ = {isa = PBXBuildFile; fileRef = A61BBD0B27A988C300F50C3F /* PhotoCatalogCell.swift */; };
		A61BBD0E27A988C300F50C3F /* PhotoCatalogCell.xib in Resources */ = {isa = PBXBuildFile; fileRef = A61BBD0C27A988C300F50C3F /* PhotoCatalogCell.xib */; };
		A61BBD1427A9F0FC00F50C3F /* CreateCatalogViewController.swift in Sources */ = {isa = PBXBuildFile; fileRef = A61BBD1227A9F0FC00F50C3F /* CreateCatalogViewController.swift */; };
		A61BBD1527A9F0FC00F50C3F /* CreateCatalogViewController.xib in Resources */ = {isa = PBXBuildFile; fileRef = A61BBD1327A9F0FC00F50C3F /* CreateCatalogViewController.xib */; };
		A61BBD1727A9F3A900F50C3F /* CatalogListSceneRouter.swift in Sources */ = {isa = PBXBuildFile; fileRef = A61BBD1627A9F3A900F50C3F /* CatalogListSceneRouter.swift */; };
		A61BBD1927A9F46400F50C3F /* CreateCatalogSceneConfigurator.swift in Sources */ = {isa = PBXBuildFile; fileRef = A61BBD1827A9F46300F50C3F /* CreateCatalogSceneConfigurator.swift */; };
		A61BBD1B27A9F77C00F50C3F /* CreateCatalogSceneInteractor.swift in Sources */ = {isa = PBXBuildFile; fileRef = A61BBD1A27A9F77C00F50C3F /* CreateCatalogSceneInteractor.swift */; };
		A61BBD1D27A9F78900F50C3F /* CreateCatalogScenePresenter.swift in Sources */ = {isa = PBXBuildFile; fileRef = A61BBD1C27A9F78900F50C3F /* CreateCatalogScenePresenter.swift */; };
		A61BBD1F27A9F88C00F50C3F /* CreateCatalogWorker.swift in Sources */ = {isa = PBXBuildFile; fileRef = A61BBD1E27A9F88C00F50C3F /* CreateCatalogWorker.swift */; };
		A61BBD2127A9FB0900F50C3F /* String+Utils.swift in Sources */ = {isa = PBXBuildFile; fileRef = A61BBD2027A9FB0900F50C3F /* String+Utils.swift */; };
		A61BBD2727AA033B00F50C3F /* CatalogPhotoDetailsViewController.swift in Sources */ = {isa = PBXBuildFile; fileRef = A61BBD2527AA033B00F50C3F /* CatalogPhotoDetailsViewController.swift */; };
		A61BBD2827AA033B00F50C3F /* CatalogPhotoDetailsViewController.xib in Resources */ = {isa = PBXBuildFile; fileRef = A61BBD2627AA033B00F50C3F /* CatalogPhotoDetailsViewController.xib */; };
		A61BBD2A27AA035500F50C3F /* CatalogPhotoDetailsSceneConfigurator.swift in Sources */ = {isa = PBXBuildFile; fileRef = A61BBD2927AA035500F50C3F /* CatalogPhotoDetailsSceneConfigurator.swift */; };
		A61BBD2E27AB255A00F50C3F /* Constants.plist in Resources */ = {isa = PBXBuildFile; fileRef = A61BBD2D27AB255A00F50C3F /* Constants.plist */; };
		A61BBD3227AB3DF100F50C3F /* DownloadingImageWebServiceTests.swift in Sources */ = {isa = PBXBuildFile; fileRef = A61BBD3127AB3DF100F50C3F /* DownloadingImageWebServiceTests.swift */; };
		A61BBD3427AB400D00F50C3F /* Siena.jpg in Resources */ = {isa = PBXBuildFile; fileRef = A61BBD3327AB400D00F50C3F /* Siena.jpg */; };
		A61BBD3A27AB4A7F00F50C3F /* CatalogListSceneInteractorTest.swift in Sources */ = {isa = PBXBuildFile; fileRef = A61BBD3927AB4A7F00F50C3F /* CatalogListSceneInteractorTest.swift */; };
		A61BBD3C27AB5E3800F50C3F /* CreateCatalogSceneInteractorTests.swift in Sources */ = {isa = PBXBuildFile; fileRef = A61BBD3B27AB5E3800F50C3F /* CreateCatalogSceneInteractorTests.swift */; };
		A61BBD3F27AB6EA400F50C3F /* CreateCatalogSceneViewControllerTests.swift in Sources */ = {isa = PBXBuildFile; fileRef = A61BBD3E27AB6EA400F50C3F /* CreateCatalogSceneViewControllerTests.swift */; };
		A61BBD4127AB734C00F50C3F /* CatalogListSceneViewControllerTests.swift in Sources */ = {isa = PBXBuildFile; fileRef = A61BBD4027AB734C00F50C3F /* CatalogListSceneViewControllerTests.swift */; };
		A61BBD4427AC387300F50C3F /* DataEncryption.swift in Sources */ = {isa = PBXBuildFile; fileRef = A61BBD4327AC387300F50C3F /* DataEncryption.swift */; };
		A61BBD7427AD79C400F50C3F /* KeyChainService.swift in Sources */ = {isa = PBXBuildFile; fileRef = A61BBD7327AD79C300F50C3F /* KeyChainService.swift */; };
		A61BBD7627AD818300F50C3F /* PrivateKeyCacheService.swift in Sources */ = {isa = PBXBuildFile; fileRef = A61BBD7527AD818300F50C3F /* PrivateKeyCacheService.swift */; };
		A61BBD7827AD89CF00F50C3F /* CatalogListCacheService.swift in Sources */ = {isa = PBXBuildFile; fileRef = A61BBD7727AD89CF00F50C3F /* CatalogListCacheService.swift */; };
		A6991FBE27A6AFCA00FA99CC /* AppDelegate.swift in Sources */ = {isa = PBXBuildFile; fileRef = A6991FBD27A6AFCA00FA99CC /* AppDelegate.swift */; };
		A6991FC027A6AFCA00FA99CC /* SceneDelegate.swift in Sources */ = {isa = PBXBuildFile; fileRef = A6991FBF27A6AFCA00FA99CC /* SceneDelegate.swift */; };
		A6991FC727A6AFCD00FA99CC /* Assets.xcassets in Resources */ = {isa = PBXBuildFile; fileRef = A6991FC627A6AFCD00FA99CC /* Assets.xcassets */; };
		A6991FCA27A6AFCD00FA99CC /* LaunchScreen.storyboard in Resources */ = {isa = PBXBuildFile; fileRef = A6991FC827A6AFCD00FA99CC /* LaunchScreen.storyboard */; };
		A6991FD527A6B22B00FA99CC /* CatalogListViewController.swift in Sources */ = {isa = PBXBuildFile; fileRef = A6991FD327A6B22B00FA99CC /* CatalogListViewController.swift */; };
		A6991FD627A6B22B00FA99CC /* CatalogListViewController.xib in Resources */ = {isa = PBXBuildFile; fileRef = A6991FD427A6B22B00FA99CC /* CatalogListViewController.xib */; };
		A6991FD927A6B27600FA99CC /* CatalogListSceneConfigurator.swift in Sources */ = {isa = PBXBuildFile; fileRef = A6991FD827A6B27600FA99CC /* CatalogListSceneConfigurator.swift */; };
		A6991FDC27A6B2B500FA99CC /* SceneConfigurator.swift in Sources */ = {isa = PBXBuildFile; fileRef = A6991FDB27A6B2B500FA99CC /* SceneConfigurator.swift */; };
		A6991FDE27A6B3A600FA99CC /* CatalogListSceneInteractor.swift in Sources */ = {isa = PBXBuildFile; fileRef = A6991FDD27A6B3A600FA99CC /* CatalogListSceneInteractor.swift */; };
		A6991FE027A6B3B600FA99CC /* CatalogListScenePresenter.swift in Sources */ = {isa = PBXBuildFile; fileRef = A6991FDF27A6B3B600FA99CC /* CatalogListScenePresenter.swift */; };
		A6991FE427A6C30A00FA99CC /* Router.swift in Sources */ = {isa = PBXBuildFile; fileRef = A6991FE327A6C30A00FA99CC /* Router.swift */; };
		A6991FE627A6C3BB00FA99CC /* NetworkManager.swift in Sources */ = {isa = PBXBuildFile; fileRef = A6991FE527A6C3BB00FA99CC /* NetworkManager.swift */; };
		A6991FE827A70FB800FA99CC /* Constants.swift in Sources */ = {isa = PBXBuildFile; fileRef = A6991FE727A70FB800FA99CC /* Constants.swift */; };
		A6991FEC27A712E800FA99CC /* CatalogListWebService.swift in Sources */ = {isa = PBXBuildFile; fileRef = A6991FEB27A712E800FA99CC /* CatalogListWebService.swift */; };
		A6991FEE27A7149500FA99CC /* CatalogItem.swift in Sources */ = {isa = PBXBuildFile; fileRef = A6991FED27A7149500FA99CC /* CatalogItem.swift */; };
		A6C4AD8427A8A7A200E14310 /* CreatePhotoCatalogWebServiceTests.swift in Sources */ = {isa = PBXBuildFile; fileRef = A6C4AD8327A8A7A200E14310 /* CreatePhotoCatalogWebServiceTests.swift */; };
		A6C4AD8627A8A96B00E14310 /* CreatePhotoCatalogResponseMock.json in Resources */ = {isa = PBXBuildFile; fileRef = A6C4AD8527A8A96B00E14310 /* CreatePhotoCatalogResponseMock.json */; };
		A6C4AD8A27A8B51200E14310 /* CreatePhotoCatalogWrongResponseMock.json in Resources */ = {isa = PBXBuildFile; fileRef = A6C4AD8927A8B51200E14310 /* CreatePhotoCatalogWrongResponseMock.json */; };
		A6C4AD9627A8BBC700E14310 /* CatalogListWorker.swift in Sources */ = {isa = PBXBuildFile; fileRef = A6C4AD9527A8BBC700E14310 /* CatalogListWorker.swift */; };
		A6C4AD9A27A8C40000E14310 /* DownloadingImageWebService.swift in Sources */ = {isa = PBXBuildFile; fileRef = A6C4AD9927A8C40000E14310 /* DownloadingImageWebService.swift */; };
		A6C4AD9C27A8C83800E14310 /* UIImageView+Utils.swift in Sources */ = {isa = PBXBuildFile; fileRef = A6C4AD9B27A8C83800E14310 /* UIImageView+Utils.swift */; };
		A6D59A2127A7540000884F9A /* PhotosCatalogListWebServiceTests.swift in Sources */ = {isa = PBXBuildFile; fileRef = A6D59A2027A7540000884F9A /* PhotosCatalogListWebServiceTests.swift */; };
		A6D59A2427A754AE00884F9A /* MockURLProtocol.swift in Sources */ = {isa = PBXBuildFile; fileRef = A6D59A2327A754AE00884F9A /* MockURLProtocol.swift */; };
		A6D59A2827A7647B00884F9A /* CatalogListResponseMock.json in Resources */ = {isa = PBXBuildFile; fileRef = A6D59A2727A7647B00884F9A /* CatalogListResponseMock.json */; };
		A6D59A2D27A89BD900884F9A /* CatalogListWorngResponseMock.json in Resources */ = {isa = PBXBuildFile; fileRef = A6D59A2C27A89BD900884F9A /* CatalogListWorngResponseMock.json */; };
		A6D59A2F27A89EFC00884F9A /* CreatePhotoCatalogWebService.swift in Sources */ = {isa = PBXBuildFile; fileRef = A6D59A2E27A89EFC00884F9A /* CreatePhotoCatalogWebService.swift */; };
/* End PBXBuildFile section */

/* Begin PBXContainerItemProxy section */
		A6D59A1B27A753EE00884F9A /* PBXContainerItemProxy */ = {
			isa = PBXContainerItemProxy;
			containerPortal = A6991FB227A6AFCA00FA99CC /* Project object */;
			proxyType = 1;
			remoteGlobalIDString = A6991FB927A6AFCA00FA99CC;
			remoteInfo = PhotoCatalog;
		};
/* End PBXContainerItemProxy section */

/* Begin PBXFileReference section */
		A61BBD0927A9887E00F50C3F /* UICollectionView+Utils.swift */ = {isa = PBXFileReference; lastKnownFileType = sourcecode.swift; path = "UICollectionView+Utils.swift"; sourceTree = "<group>"; };
		A61BBD0B27A988C300F50C3F /* PhotoCatalogCell.swift */ = {isa = PBXFileReference; lastKnownFileType = sourcecode.swift; path = PhotoCatalogCell.swift; sourceTree = "<group>"; };
		A61BBD0C27A988C300F50C3F /* PhotoCatalogCell.xib */ = {isa = PBXFileReference; lastKnownFileType = file.xib; path = PhotoCatalogCell.xib; sourceTree = "<group>"; };
		A61BBD1227A9F0FC00F50C3F /* CreateCatalogViewController.swift */ = {isa = PBXFileReference; lastKnownFileType = sourcecode.swift; path = CreateCatalogViewController.swift; sourceTree = "<group>"; };
		A61BBD1327A9F0FC00F50C3F /* CreateCatalogViewController.xib */ = {isa = PBXFileReference; lastKnownFileType = file.xib; path = CreateCatalogViewController.xib; sourceTree = "<group>"; };
		A61BBD1627A9F3A900F50C3F /* CatalogListSceneRouter.swift */ = {isa = PBXFileReference; lastKnownFileType = sourcecode.swift; path = CatalogListSceneRouter.swift; sourceTree = "<group>"; };
		A61BBD1827A9F46300F50C3F /* CreateCatalogSceneConfigurator.swift */ = {isa = PBXFileReference; lastKnownFileType = sourcecode.swift; path = CreateCatalogSceneConfigurator.swift; sourceTree = "<group>"; };
		A61BBD1A27A9F77C00F50C3F /* CreateCatalogSceneInteractor.swift */ = {isa = PBXFileReference; lastKnownFileType = sourcecode.swift; path = CreateCatalogSceneInteractor.swift; sourceTree = "<group>"; };
		A61BBD1C27A9F78900F50C3F /* CreateCatalogScenePresenter.swift */ = {isa = PBXFileReference; lastKnownFileType = sourcecode.swift; path = CreateCatalogScenePresenter.swift; sourceTree = "<group>"; };
		A61BBD1E27A9F88C00F50C3F /* CreateCatalogWorker.swift */ = {isa = PBXFileReference; lastKnownFileType = sourcecode.swift; path = CreateCatalogWorker.swift; sourceTree = "<group>"; };
		A61BBD2027A9FB0900F50C3F /* String+Utils.swift */ = {isa = PBXFileReference; lastKnownFileType = sourcecode.swift; path = "String+Utils.swift"; sourceTree = "<group>"; };
		A61BBD2527AA033B00F50C3F /* CatalogPhotoDetailsViewController.swift */ = {isa = PBXFileReference; lastKnownFileType = sourcecode.swift; path = CatalogPhotoDetailsViewController.swift; sourceTree = "<group>"; };
		A61BBD2627AA033B00F50C3F /* CatalogPhotoDetailsViewController.xib */ = {isa = PBXFileReference; lastKnownFileType = file.xib; path = CatalogPhotoDetailsViewController.xib; sourceTree = "<group>"; };
		A61BBD2927AA035500F50C3F /* CatalogPhotoDetailsSceneConfigurator.swift */ = {isa = PBXFileReference; lastKnownFileType = sourcecode.swift; path = CatalogPhotoDetailsSceneConfigurator.swift; sourceTree = "<group>"; };
		A61BBD2D27AB255A00F50C3F /* Constants.plist */ = {isa = PBXFileReference; lastKnownFileType = text.plist.xml; path = Constants.plist; sourceTree = "<group>"; };
		A61BBD3127AB3DF100F50C3F /* DownloadingImageWebServiceTests.swift */ = {isa = PBXFileReference; lastKnownFileType = sourcecode.swift; path = DownloadingImageWebServiceTests.swift; sourceTree = "<group>"; };
		A61BBD3327AB400D00F50C3F /* Siena.jpg */ = {isa = PBXFileReference; lastKnownFileType = image.jpeg; path = Siena.jpg; sourceTree = "<group>"; };
		A61BBD3927AB4A7F00F50C3F /* CatalogListSceneInteractorTest.swift */ = {isa = PBXFileReference; lastKnownFileType = sourcecode.swift; path = CatalogListSceneInteractorTest.swift; sourceTree = "<group>"; };
		A61BBD3B27AB5E3800F50C3F /* CreateCatalogSceneInteractorTests.swift */ = {isa = PBXFileReference; lastKnownFileType = sourcecode.swift; path = CreateCatalogSceneInteractorTests.swift; sourceTree = "<group>"; };
		A61BBD3E27AB6EA400F50C3F /* CreateCatalogSceneViewControllerTests.swift */ = {isa = PBXFileReference; lastKnownFileType = sourcecode.swift; path = CreateCatalogSceneViewControllerTests.swift; sourceTree = "<group>"; };
		A61BBD4027AB734C00F50C3F /* CatalogListSceneViewControllerTests.swift */ = {isa = PBXFileReference; lastKnownFileType = sourcecode.swift; path = CatalogListSceneViewControllerTests.swift; sourceTree = "<group>"; };
		A61BBD4327AC387300F50C3F /* DataEncryption.swift */ = {isa = PBXFileReference; lastKnownFileType = sourcecode.swift; path = DataEncryption.swift; sourceTree = "<group>"; };
		A61BBD7327AD79C300F50C3F /* KeyChainService.swift */ = {isa = PBXFileReference; lastKnownFileType = sourcecode.swift; path = KeyChainService.swift; sourceTree = "<group>"; };
		A61BBD7527AD818300F50C3F /* PrivateKeyCacheService.swift */ = {isa = PBXFileReference; lastKnownFileType = sourcecode.swift; path = PrivateKeyCacheService.swift; sourceTree = "<group>"; };
		A61BBD7727AD89CF00F50C3F /* CatalogListCacheService.swift */ = {isa = PBXFileReference; lastKnownFileType = sourcecode.swift; path = CatalogListCacheService.swift; sourceTree = "<group>"; };
		A6991FBA27A6AFCA00FA99CC /* PhotoCatalog.app */ = {isa = PBXFileReference; explicitFileType = wrapper.application; includeInIndex = 0; path = PhotoCatalog.app; sourceTree = BUILT_PRODUCTS_DIR; };
		A6991FBD27A6AFCA00FA99CC /* AppDelegate.swift */ = {isa = PBXFileReference; lastKnownFileType = sourcecode.swift; path = AppDelegate.swift; sourceTree = "<group>"; };
		A6991FBF27A6AFCA00FA99CC /* SceneDelegate.swift */ = {isa = PBXFileReference; lastKnownFileType = sourcecode.swift; path = SceneDelegate.swift; sourceTree = "<group>"; };
		A6991FC627A6AFCD00FA99CC /* Assets.xcassets */ = {isa = PBXFileReference; lastKnownFileType = folder.assetcatalog; path = Assets.xcassets; sourceTree = "<group>"; };
		A6991FC927A6AFCD00FA99CC /* Base */ = {isa = PBXFileReference; lastKnownFileType = file.storyboard; name = Base; path = Base.lproj/LaunchScreen.storyboard; sourceTree = "<group>"; };
		A6991FCB27A6AFCD00FA99CC /* Info.plist */ = {isa = PBXFileReference; lastKnownFileType = text.plist.xml; path = Info.plist; sourceTree = "<group>"; };
		A6991FD327A6B22B00FA99CC /* CatalogListViewController.swift */ = {isa = PBXFileReference; lastKnownFileType = sourcecode.swift; path = CatalogListViewController.swift; sourceTree = "<group>"; };
		A6991FD427A6B22B00FA99CC /* CatalogListViewController.xib */ = {isa = PBXFileReference; lastKnownFileType = file.xib; path = CatalogListViewController.xib; sourceTree = "<group>"; };
		A6991FD827A6B27600FA99CC /* CatalogListSceneConfigurator.swift */ = {isa = PBXFileReference; lastKnownFileType = sourcecode.swift; path = CatalogListSceneConfigurator.swift; sourceTree = "<group>"; };
		A6991FDB27A6B2B500FA99CC /* SceneConfigurator.swift */ = {isa = PBXFileReference; lastKnownFileType = sourcecode.swift; path = SceneConfigurator.swift; sourceTree = "<group>"; };
		A6991FDD27A6B3A600FA99CC /* CatalogListSceneInteractor.swift */ = {isa = PBXFileReference; lastKnownFileType = sourcecode.swift; path = CatalogListSceneInteractor.swift; sourceTree = "<group>"; };
		A6991FDF27A6B3B600FA99CC /* CatalogListScenePresenter.swift */ = {isa = PBXFileReference; lastKnownFileType = sourcecode.swift; path = CatalogListScenePresenter.swift; sourceTree = "<group>"; };
		A6991FE327A6C30A00FA99CC /* Router.swift */ = {isa = PBXFileReference; lastKnownFileType = sourcecode.swift; path = Router.swift; sourceTree = "<group>"; };
		A6991FE527A6C3BB00FA99CC /* NetworkManager.swift */ = {isa = PBXFileReference; lastKnownFileType = sourcecode.swift; path = NetworkManager.swift; sourceTree = "<group>"; };
		A6991FE727A70FB800FA99CC /* Constants.swift */ = {isa = PBXFileReference; lastKnownFileType = sourcecode.swift; path = Constants.swift; sourceTree = "<group>"; };
		A6991FEB27A712E800FA99CC /* CatalogListWebService.swift */ = {isa = PBXFileReference; lastKnownFileType = sourcecode.swift; path = CatalogListWebService.swift; sourceTree = "<group>"; };
		A6991FED27A7149500FA99CC /* CatalogItem.swift */ = {isa = PBXFileReference; lastKnownFileType = sourcecode.swift; path = CatalogItem.swift; sourceTree = "<group>"; };
		A6C4AD8327A8A7A200E14310 /* CreatePhotoCatalogWebServiceTests.swift */ = {isa = PBXFileReference; lastKnownFileType = sourcecode.swift; path = CreatePhotoCatalogWebServiceTests.swift; sourceTree = "<group>"; };
		A6C4AD8527A8A96B00E14310 /* CreatePhotoCatalogResponseMock.json */ = {isa = PBXFileReference; lastKnownFileType = text.json; path = CreatePhotoCatalogResponseMock.json; sourceTree = "<group>"; };
		A6C4AD8927A8B51200E14310 /* CreatePhotoCatalogWrongResponseMock.json */ = {isa = PBXFileReference; lastKnownFileType = text.json; path = CreatePhotoCatalogWrongResponseMock.json; sourceTree = "<group>"; };
		A6C4AD9527A8BBC700E14310 /* CatalogListWorker.swift */ = {isa = PBXFileReference; lastKnownFileType = sourcecode.swift; path = CatalogListWorker.swift; sourceTree = "<group>"; };
		A6C4AD9927A8C40000E14310 /* DownloadingImageWebService.swift */ = {isa = PBXFileReference; lastKnownFileType = sourcecode.swift; path = DownloadingImageWebService.swift; sourceTree = "<group>"; };
		A6C4AD9B27A8C83800E14310 /* UIImageView+Utils.swift */ = {isa = PBXFileReference; lastKnownFileType = sourcecode.swift; path = "UIImageView+Utils.swift"; sourceTree = "<group>"; };
		A6D59A1727A753EE00884F9A /* PhotoCatalogTests.xctest */ = {isa = PBXFileReference; explicitFileType = wrapper.cfbundle; includeInIndex = 0; path = PhotoCatalogTests.xctest; sourceTree = BUILT_PRODUCTS_DIR; };
		A6D59A2027A7540000884F9A /* PhotosCatalogListWebServiceTests.swift */ = {isa = PBXFileReference; lastKnownFileType = sourcecode.swift; path = PhotosCatalogListWebServiceTests.swift; sourceTree = "<group>"; };
		A6D59A2327A754AE00884F9A /* MockURLProtocol.swift */ = {isa = PBXFileReference; lastKnownFileType = sourcecode.swift; path = MockURLProtocol.swift; sourceTree = "<group>"; };
		A6D59A2727A7647B00884F9A /* CatalogListResponseMock.json */ = {isa = PBXFileReference; lastKnownFileType = text.json; path = CatalogListResponseMock.json; sourceTree = "<group>"; };
		A6D59A2C27A89BD900884F9A /* CatalogListWorngResponseMock.json */ = {isa = PBXFileReference; lastKnownFileType = text.json; path = CatalogListWorngResponseMock.json; sourceTree = "<group>"; };
		A6D59A2E27A89EFC00884F9A /* CreatePhotoCatalogWebService.swift */ = {isa = PBXFileReference; lastKnownFileType = sourcecode.swift; path = CreatePhotoCatalogWebService.swift; sourceTree = "<group>"; };
/* End PBXFileReference section */

/* Begin PBXFrameworksBuildPhase section */
		A6991FB727A6AFCA00FA99CC /* Frameworks */ = {
			isa = PBXFrameworksBuildPhase;
			buildActionMask = 2147483647;
			files = (
			);
			runOnlyForDeploymentPostprocessing = 0;
		};
		A6D59A1427A753EE00884F9A /* Frameworks */ = {
			isa = PBXFrameworksBuildPhase;
			buildActionMask = 2147483647;
			files = (
			);
			runOnlyForDeploymentPostprocessing = 0;
		};
/* End PBXFrameworksBuildPhase section */

/* Begin PBXGroup section */
		A61BBD0F27A9F0C400F50C3F /* Create Catalog */ = {
			isa = PBXGroup;
			children = (
				A61BBD1127A9F0E900F50C3F /* Workers */,
				A61BBD1027A9F0E100F50C3F /* Views */,
				A61BBD1827A9F46300F50C3F /* CreateCatalogSceneConfigurator.swift */,
				A61BBD1A27A9F77C00F50C3F /* CreateCatalogSceneInteractor.swift */,
				A61BBD1C27A9F78900F50C3F /* CreateCatalogScenePresenter.swift */,
			);
			path = "Create Catalog";
			sourceTree = "<group>";
		};
		A61BBD1027A9F0E100F50C3F /* Views */ = {
			isa = PBXGroup;
			children = (
				A61BBD1227A9F0FC00F50C3F /* CreateCatalogViewController.swift */,
				A61BBD1327A9F0FC00F50C3F /* CreateCatalogViewController.xib */,
			);
			path = Views;
			sourceTree = "<group>";
		};
		A61BBD1127A9F0E900F50C3F /* Workers */ = {
			isa = PBXGroup;
			children = (
				A61BBD1E27A9F88C00F50C3F /* CreateCatalogWorker.swift */,
			);
			path = Workers;
			sourceTree = "<group>";
		};
		A61BBD2327AA031D00F50C3F /* Photo Details */ = {
			isa = PBXGroup;
			children = (
				A61BBD2427AA032700F50C3F /* Views */,
				A61BBD2927AA035500F50C3F /* CatalogPhotoDetailsSceneConfigurator.swift */,
			);
			path = "Photo Details";
			sourceTree = "<group>";
		};
		A61BBD2427AA032700F50C3F /* Views */ = {
			isa = PBXGroup;
			children = (
				A61BBD2527AA033B00F50C3F /* CatalogPhotoDetailsViewController.swift */,
				A61BBD2627AA033B00F50C3F /* CatalogPhotoDetailsViewController.xib */,
			);
			path = Views;
			sourceTree = "<group>";
		};
		A61BBD2C27AB252E00F50C3F /* Resources */ = {
			isa = PBXGroup;
			children = (
				A61BBD2D27AB255A00F50C3F /* Constants.plist */,
			);
			path = Resources;
			sourceTree = "<group>";
		};
		A61BBD3827AB4A5C00F50C3F /* Interactor */ = {
			isa = PBXGroup;
			children = (
				A61BBD3927AB4A7F00F50C3F /* CatalogListSceneInteractorTest.swift */,
				A61BBD3B27AB5E3800F50C3F /* CreateCatalogSceneInteractorTests.swift */,
			);
			path = Interactor;
			sourceTree = "<group>";
		};
		A61BBD3D27AB6E8800F50C3F /* View Controllers */ = {
			isa = PBXGroup;
			children = (
				A61BBD3E27AB6EA400F50C3F /* CreateCatalogSceneViewControllerTests.swift */,
				A61BBD4027AB734C00F50C3F /* CatalogListSceneViewControllerTests.swift */,
			);
			path = "View Controllers";
			sourceTree = "<group>";
		};
		A6991FB127A6AFCA00FA99CC = {
			isa = PBXGroup;
			children = (
				A6991FBC27A6AFCA00FA99CC /* PhotoCatalog */,
				A6D59A1827A753EE00884F9A /* PhotoCatalogTests */,
				A6991FBB27A6AFCA00FA99CC /* Products */,
			);
			sourceTree = "<group>";
		};
		A6991FBB27A6AFCA00FA99CC /* Products */ = {
			isa = PBXGroup;
			children = (
				A6991FBA27A6AFCA00FA99CC /* PhotoCatalog.app */,
				A6D59A1727A753EE00884F9A /* PhotoCatalogTests.xctest */,
			);
			name = Products;
			sourceTree = "<group>";
		};
		A6991FBC27A6AFCA00FA99CC /* PhotoCatalog */ = {
			isa = PBXGroup;
			children = (
				A61BBD2C27AB252E00F50C3F /* Resources */,
				A6C4AD9027A8BA9100E14310 /* Utils */,
				A6991FE127A6C2EC00FA99CC /* Networking */,
				A6991FDA27A6B2A100FA99CC /* Core */,
				A6991FD127A6B1FC00FA99CC /* Scenes */,
				A6991FBD27A6AFCA00FA99CC /* AppDelegate.swift */,
				A6991FBF27A6AFCA00FA99CC /* SceneDelegate.swift */,
				A6991FC627A6AFCD00FA99CC /* Assets.xcassets */,
				A6991FC827A6AFCD00FA99CC /* LaunchScreen.storyboard */,
				A6991FCB27A6AFCD00FA99CC /* Info.plist */,
			);
			path = PhotoCatalog;
			sourceTree = "<group>";
		};
		A6991FD127A6B1FC00FA99CC /* Scenes */ = {
			isa = PBXGroup;
			children = (
				A61BBD2327AA031D00F50C3F /* Photo Details */,
				A61BBD0F27A9F0C400F50C3F /* Create Catalog */,
				A6991FD227A6B20800FA99CC /* Catalog List */,
			);
			path = Scenes;
			sourceTree = "<group>";
		};
		A6991FD227A6B20800FA99CC /* Catalog List */ = {
			isa = PBXGroup;
			children = (
				A6C4AD9427A8BBAF00E14310 /* Workers */,
				A6991FD727A6B23D00FA99CC /* Views */,
				A6991FD827A6B27600FA99CC /* CatalogListSceneConfigurator.swift */,
				A6991FDD27A6B3A600FA99CC /* CatalogListSceneInteractor.swift */,
				A6991FDF27A6B3B600FA99CC /* CatalogListScenePresenter.swift */,
				A61BBD1627A9F3A900F50C3F /* CatalogListSceneRouter.swift */,
			);
			path = "Catalog List";
			sourceTree = "<group>";
		};
		A6991FD727A6B23D00FA99CC /* Views */ = {
			isa = PBXGroup;
			children = (
				A6C4AD8B27A8B86800E14310 /* Cell */,
				A6991FD327A6B22B00FA99CC /* CatalogListViewController.swift */,
				A6991FD427A6B22B00FA99CC /* CatalogListViewController.xib */,
			);
			path = Views;
			sourceTree = "<group>";
		};
		A6991FDA27A6B2A100FA99CC /* Core */ = {
			isa = PBXGroup;
			children = (
				A6991FDB27A6B2B500FA99CC /* SceneConfigurator.swift */,
				A61BBD4327AC387300F50C3F /* DataEncryption.swift */,
				A61BBD7327AD79C300F50C3F /* KeyChainService.swift */,
				A61BBD7527AD818300F50C3F /* PrivateKeyCacheService.swift */,
				A61BBD7727AD89CF00F50C3F /* CatalogListCacheService.swift */,
			);
			path = Core;
			sourceTree = "<group>";
		};
		A6991FE127A6C2EC00FA99CC /* Networking */ = {
			isa = PBXGroup;
			children = (
				A6991FEA27A7128A00FA99CC /* Model */,
				A6991FE927A7128500FA99CC /* API */,
				A6991FE227A6C2F200FA99CC /* Base */,
			);
			path = Networking;
			sourceTree = "<group>";
		};
		A6991FE227A6C2F200FA99CC /* Base */ = {
			isa = PBXGroup;
			children = (
				A6991FE327A6C30A00FA99CC /* Router.swift */,
				A6991FE527A6C3BB00FA99CC /* NetworkManager.swift */,
				A6991FE727A70FB800FA99CC /* Constants.swift */,
			);
			path = Base;
			sourceTree = "<group>";
		};
		A6991FE927A7128500FA99CC /* API */ = {
			isa = PBXGroup;
			children = (
				A6991FEB27A712E800FA99CC /* CatalogListWebService.swift */,
				A6D59A2E27A89EFC00884F9A /* CreatePhotoCatalogWebService.swift */,
				A6C4AD9927A8C40000E14310 /* DownloadingImageWebService.swift */,
			);
			path = API;
			sourceTree = "<group>";
		};
		A6991FEA27A7128A00FA99CC /* Model */ = {
			isa = PBXGroup;
			children = (
				A6991FED27A7149500FA99CC /* CatalogItem.swift */,
			);
			path = Model;
			sourceTree = "<group>";
		};
		A6C4AD8B27A8B86800E14310 /* Cell */ = {
			isa = PBXGroup;
			children = (
				A61BBD0B27A988C300F50C3F /* PhotoCatalogCell.swift */,
				A61BBD0C27A988C300F50C3F /* PhotoCatalogCell.xib */,
			);
			path = Cell;
			sourceTree = "<group>";
		};
		A6C4AD9027A8BA9100E14310 /* Utils */ = {
			isa = PBXGroup;
			children = (
				A6C4AD9127A8BA9B00E14310 /* Extension */,
			);
			path = Utils;
			sourceTree = "<group>";
		};
		A6C4AD9127A8BA9B00E14310 /* Extension */ = {
			isa = PBXGroup;
			children = (
				A61BBD0927A9887E00F50C3F /* UICollectionView+Utils.swift */,
				A6C4AD9B27A8C83800E14310 /* UIImageView+Utils.swift */,
				A61BBD2027A9FB0900F50C3F /* String+Utils.swift */,
			);
			path = Extension;
			sourceTree = "<group>";
		};
		A6C4AD9427A8BBAF00E14310 /* Workers */ = {
			isa = PBXGroup;
			children = (
				A6C4AD9527A8BBC700E14310 /* CatalogListWorker.swift */,
			);
			path = Workers;
			sourceTree = "<group>";
		};
		A6D59A1827A753EE00884F9A /* PhotoCatalogTests */ = {
			isa = PBXGroup;
			children = (
				A61BBD3D27AB6E8800F50C3F /* View Controllers */,
				A61BBD3827AB4A5C00F50C3F /* Interactor */,
				A6D59A2627A7641E00884F9A /* Resources */,
				A6D59A2527A755CD00884F9A /* Network */,
				A6D59A2227A7549D00884F9A /* Mocks */,
			);
			path = PhotoCatalogTests;
			sourceTree = "<group>";
		};
		A6D59A2227A7549D00884F9A /* Mocks */ = {
			isa = PBXGroup;
			children = (
				A6D59A2327A754AE00884F9A /* MockURLProtocol.swift */,
			);
			path = Mocks;
			sourceTree = "<group>";
		};
		A6D59A2527A755CD00884F9A /* Network */ = {
			isa = PBXGroup;
			children = (
				A6D59A2027A7540000884F9A /* PhotosCatalogListWebServiceTests.swift */,
				A6C4AD8327A8A7A200E14310 /* CreatePhotoCatalogWebServiceTests.swift */,
				A61BBD3127AB3DF100F50C3F /* DownloadingImageWebServiceTests.swift */,
			);
			path = Network;
			sourceTree = "<group>";
		};
		A6D59A2627A7641E00884F9A /* Resources */ = {
			isa = PBXGroup;
			children = (
				A61BBD3327AB400D00F50C3F /* Siena.jpg */,
				A6D59A2727A7647B00884F9A /* CatalogListResponseMock.json */,
				A6D59A2C27A89BD900884F9A /* CatalogListWorngResponseMock.json */,
				A6C4AD8527A8A96B00E14310 /* CreatePhotoCatalogResponseMock.json */,
				A6C4AD8927A8B51200E14310 /* CreatePhotoCatalogWrongResponseMock.json */,
			);
			path = Resources;
			sourceTree = "<group>";
		};
/* End PBXGroup section */

/* Begin PBXNativeTarget section */
		A6991FB927A6AFCA00FA99CC /* PhotoCatalog */ = {
			isa = PBXNativeTarget;
			buildConfigurationList = A6991FCE27A6AFCD00FA99CC /* Build configuration list for PBXNativeTarget "PhotoCatalog" */;
			buildPhases = (
				A6991FB627A6AFCA00FA99CC /* Sources */,
				A6991FB727A6AFCA00FA99CC /* Frameworks */,
				A6991FB827A6AFCA00FA99CC /* Resources */,
			);
			buildRules = (
			);
			dependencies = (
			);
			name = PhotoCatalog;
			productName = PhotoCatalog;
			productReference = A6991FBA27A6AFCA00FA99CC /* PhotoCatalog.app */;
			productType = "com.apple.product-type.application";
		};
		A6D59A1627A753EE00884F9A /* PhotoCatalogTests */ = {
			isa = PBXNativeTarget;
			buildConfigurationList = A6D59A1F27A753EE00884F9A /* Build configuration list for PBXNativeTarget "PhotoCatalogTests" */;
			buildPhases = (
				A6D59A1327A753EE00884F9A /* Sources */,
				A6D59A1427A753EE00884F9A /* Frameworks */,
				A6D59A1527A753EE00884F9A /* Resources */,
			);
			buildRules = (
			);
			dependencies = (
				A6D59A1C27A753EE00884F9A /* PBXTargetDependency */,
			);
			name = PhotoCatalogTests;
			productName = PhotoCatalogTests;
			productReference = A6D59A1727A753EE00884F9A /* PhotoCatalogTests.xctest */;
			productType = "com.apple.product-type.bundle.unit-test";
		};
/* End PBXNativeTarget section */

/* Begin PBXProject section */
		A6991FB227A6AFCA00FA99CC /* Project object */ = {
			isa = PBXProject;
			attributes = {
				BuildIndependentTargetsInParallel = 1;
				LastSwiftUpdateCheck = 1320;
				LastUpgradeCheck = 1320;
				TargetAttributes = {
					A6991FB927A6AFCA00FA99CC = {
						CreatedOnToolsVersion = 13.2.1;
					};
					A6D59A1627A753EE00884F9A = {
						CreatedOnToolsVersion = 13.2.1;
						TestTargetID = A6991FB927A6AFCA00FA99CC;
					};
				};
			};
			buildConfigurationList = A6991FB527A6AFCA00FA99CC /* Build configuration list for PBXProject "PhotoCatalog" */;
			compatibilityVersion = "Xcode 13.0";
			developmentRegion = en;
			hasScannedForEncodings = 0;
			knownRegions = (
				en,
				Base,
			);
			mainGroup = A6991FB127A6AFCA00FA99CC;
			productRefGroup = A6991FBB27A6AFCA00FA99CC /* Products */;
			projectDirPath = "";
			projectRoot = "";
			targets = (
				A6991FB927A6AFCA00FA99CC /* PhotoCatalog */,
				A6D59A1627A753EE00884F9A /* PhotoCatalogTests */,
			);
		};
/* End PBXProject section */

/* Begin PBXResourcesBuildPhase section */
		A6991FB827A6AFCA00FA99CC /* Resources */ = {
			isa = PBXResourcesBuildPhase;
			buildActionMask = 2147483647;
			files = (
				A6991FD627A6B22B00FA99CC /* CatalogListViewController.xib in Resources */,
				A6991FCA27A6AFCD00FA99CC /* LaunchScreen.storyboard in Resources */,
				A61BBD1527A9F0FC00F50C3F /* CreateCatalogViewController.xib in Resources */,
				A6991FC727A6AFCD00FA99CC /* Assets.xcassets in Resources */,
				A61BBD2E27AB255A00F50C3F /* Constants.plist in Resources */,
				A61BBD0E27A988C300F50C3F /* PhotoCatalogCell.xib in Resources */,
				A61BBD2827AA033B00F50C3F /* CatalogPhotoDetailsViewController.xib in Resources */,
			);
			runOnlyForDeploymentPostprocessing = 0;
		};
		A6D59A1527A753EE00884F9A /* Resources */ = {
			isa = PBXResourcesBuildPhase;
			buildActionMask = 2147483647;
			files = (
				A6C4AD8627A8A96B00E14310 /* CreatePhotoCatalogResponseMock.json in Resources */,
				A6D59A2827A7647B00884F9A /* CatalogListResponseMock.json in Resources */,
				A61BBD3427AB400D00F50C3F /* Siena.jpg in Resources */,
				A6D59A2D27A89BD900884F9A /* CatalogListWorngResponseMock.json in Resources */,
				A6C4AD8A27A8B51200E14310 /* CreatePhotoCatalogWrongResponseMock.json in Resources */,
			);
			runOnlyForDeploymentPostprocessing = 0;
		};
/* End PBXResourcesBuildPhase section */

/* Begin PBXSourcesBuildPhase section */
		A6991FB627A6AFCA00FA99CC /* Sources */ = {
			isa = PBXSourcesBuildPhase;
			buildActionMask = 2147483647;
			files = (
				A61BBD1F27A9F88C00F50C3F /* CreateCatalogWorker.swift in Sources */,
				A6991FD527A6B22B00FA99CC /* CatalogListViewController.swift in Sources */,
				A6991FEC27A712E800FA99CC /* CatalogListWebService.swift in Sources */,
				A6991FE827A70FB800FA99CC /* Constants.swift in Sources */,
				A61BBD1927A9F46400F50C3F /* CreateCatalogSceneConfigurator.swift in Sources */,
				A6C4AD9627A8BBC700E14310 /* CatalogListWorker.swift in Sources */,
				A61BBD7427AD79C400F50C3F /* KeyChainService.swift in Sources */,
				A6991FE627A6C3BB00FA99CC /* NetworkManager.swift in Sources */,
				A6D59A2F27A89EFC00884F9A /* CreatePhotoCatalogWebService.swift in Sources */,
				A61BBD4427AC387300F50C3F /* DataEncryption.swift in Sources */,
				A61BBD7627AD818300F50C3F /* PrivateKeyCacheService.swift in Sources */,
				A6991FD927A6B27600FA99CC /* CatalogListSceneConfigurator.swift in Sources */,
				A61BBD1427A9F0FC00F50C3F /* CreateCatalogViewController.swift in Sources */,
				A61BBD1B27A9F77C00F50C3F /* CreateCatalogSceneInteractor.swift in Sources */,
				A6991FBE27A6AFCA00FA99CC /* AppDelegate.swift in Sources */,
				A6991FE427A6C30A00FA99CC /* Router.swift in Sources */,
				A61BBD1727A9F3A900F50C3F /* CatalogListSceneRouter.swift in Sources */,
				A6C4AD9A27A8C40000E14310 /* DownloadingImageWebService.swift in Sources */,
				A61BBD2127A9FB0900F50C3F /* String+Utils.swift in Sources */,
				A6991FDE27A6B3A600FA99CC /* CatalogListSceneInteractor.swift in Sources */,
				A6991FC027A6AFCA00FA99CC /* SceneDelegate.swift in Sources */,
				A61BBD0D27A988C300F50C3F /* PhotoCatalogCell.swift in Sources */,
				A61BBD7827AD89CF00F50C3F /* CatalogListCacheService.swift in Sources */,
				A61BBD2727AA033B00F50C3F /* CatalogPhotoDetailsViewController.swift in Sources */,
				A6991FDC27A6B2B500FA99CC /* SceneConfigurator.swift in Sources */,
				A61BBD1D27A9F78900F50C3F /* CreateCatalogScenePresenter.swift in Sources */,
				A6991FEE27A7149500FA99CC /* CatalogItem.swift in Sources */,
				A6991FE027A6B3B600FA99CC /* CatalogListScenePresenter.swift in Sources */,
				A6C4AD9C27A8C83800E14310 /* UIImageView+Utils.swift in Sources */,
				A61BBD0A27A9887E00F50C3F /* UICollectionView+Utils.swift in Sources */,
				A61BBD2A27AA035500F50C3F /* CatalogPhotoDetailsSceneConfigurator.swift in Sources */,
			);
			runOnlyForDeploymentPostprocessing = 0;
		};
		A6D59A1327A753EE00884F9A /* Sources */ = {
			isa = PBXSourcesBuildPhase;
			buildActionMask = 2147483647;
			files = (
				A61BBD3F27AB6EA400F50C3F /* CreateCatalogSceneViewControllerTests.swift in Sources */,
				A61BBD3A27AB4A7F00F50C3F /* CatalogListSceneInteractorTest.swift in Sources */,
				A6C4AD8427A8A7A200E14310 /* CreatePhotoCatalogWebServiceTests.swift in Sources */,
				A61BBD4127AB734C00F50C3F /* CatalogListSceneViewControllerTests.swift in Sources */,
				A6D59A2127A7540000884F9A /* PhotosCatalogListWebServiceTests.swift in Sources */,
				A61BBD3C27AB5E3800F50C3F /* CreateCatalogSceneInteractorTests.swift in Sources */,
				A6D59A2427A754AE00884F9A /* MockURLProtocol.swift in Sources */,
				A61BBD3227AB3DF100F50C3F /* DownloadingImageWebServiceTests.swift in Sources */,
			);
			runOnlyForDeploymentPostprocessing = 0;
		};
/* End PBXSourcesBuildPhase section */

/* Begin PBXTargetDependency section */
		A6D59A1C27A753EE00884F9A /* PBXTargetDependency */ = {
			isa = PBXTargetDependency;
			target = A6991FB927A6AFCA00FA99CC /* PhotoCatalog */;
			targetProxy = A6D59A1B27A753EE00884F9A /* PBXContainerItemProxy */;
		};
/* End PBXTargetDependency section */

/* Begin PBXVariantGroup section */
		A6991FC827A6AFCD00FA99CC /* LaunchScreen.storyboard */ = {
			isa = PBXVariantGroup;
			children = (
				A6991FC927A6AFCD00FA99CC /* Base */,
			);
			name = LaunchScreen.storyboard;
			sourceTree = "<group>";
		};
/* End PBXVariantGroup section */

/* Begin XCBuildConfiguration section */
		A6991FCC27A6AFCD00FA99CC /* Debug */ = {
			isa = XCBuildConfiguration;
			buildSettings = {
				ALWAYS_SEARCH_USER_PATHS = NO;
				CLANG_ANALYZER_NONNULL = YES;
				CLANG_ANALYZER_NUMBER_OBJECT_CONVERSION = YES_AGGRESSIVE;
				CLANG_CXX_LANGUAGE_STANDARD = "gnu++17";
				CLANG_CXX_LIBRARY = "libc++";
				CLANG_ENABLE_MODULES = YES;
				CLANG_ENABLE_OBJC_ARC = YES;
				CLANG_ENABLE_OBJC_WEAK = YES;
				CLANG_WARN_BLOCK_CAPTURE_AUTORELEASING = YES;
				CLANG_WARN_BOOL_CONVERSION = YES;
				CLANG_WARN_COMMA = YES;
				CLANG_WARN_CONSTANT_CONVERSION = YES;
				CLANG_WARN_DEPRECATED_OBJC_IMPLEMENTATIONS = YES;
				CLANG_WARN_DIRECT_OBJC_ISA_USAGE = YES_ERROR;
				CLANG_WARN_DOCUMENTATION_COMMENTS = YES;
				CLANG_WARN_EMPTY_BODY = YES;
				CLANG_WARN_ENUM_CONVERSION = YES;
				CLANG_WARN_INFINITE_RECURSION = YES;
				CLANG_WARN_INT_CONVERSION = YES;
				CLANG_WARN_NON_LITERAL_NULL_CONVERSION = YES;
				CLANG_WARN_OBJC_IMPLICIT_RETAIN_SELF = YES;
				CLANG_WARN_OBJC_LITERAL_CONVERSION = YES;
				CLANG_WARN_OBJC_ROOT_CLASS = YES_ERROR;
				CLANG_WARN_QUOTED_INCLUDE_IN_FRAMEWORK_HEADER = YES;
				CLANG_WARN_RANGE_LOOP_ANALYSIS = YES;
				CLANG_WARN_STRICT_PROTOTYPES = YES;
				CLANG_WARN_SUSPICIOUS_MOVE = YES;
				CLANG_WARN_UNGUARDED_AVAILABILITY = YES_AGGRESSIVE;
				CLANG_WARN_UNREACHABLE_CODE = YES;
				CLANG_WARN__DUPLICATE_METHOD_MATCH = YES;
				COPY_PHASE_STRIP = NO;
				DEBUG_INFORMATION_FORMAT = dwarf;
				ENABLE_STRICT_OBJC_MSGSEND = YES;
				ENABLE_TESTABILITY = YES;
				GCC_C_LANGUAGE_STANDARD = gnu11;
				GCC_DYNAMIC_NO_PIC = NO;
				GCC_NO_COMMON_BLOCKS = YES;
				GCC_OPTIMIZATION_LEVEL = 0;
				GCC_PREPROCESSOR_DEFINITIONS = (
					"DEBUG=1",
					"$(inherited)",
				);
				GCC_WARN_64_TO_32_BIT_CONVERSION = YES;
				GCC_WARN_ABOUT_RETURN_TYPE = YES_ERROR;
				GCC_WARN_UNDECLARED_SELECTOR = YES;
				GCC_WARN_UNINITIALIZED_AUTOS = YES_AGGRESSIVE;
				GCC_WARN_UNUSED_FUNCTION = YES;
				GCC_WARN_UNUSED_VARIABLE = YES;
				IPHONEOS_DEPLOYMENT_TARGET = 15.2;
				MTL_ENABLE_DEBUG_INFO = INCLUDE_SOURCE;
				MTL_FAST_MATH = YES;
				ONLY_ACTIVE_ARCH = YES;
				SDKROOT = iphoneos;
				SWIFT_ACTIVE_COMPILATION_CONDITIONS = DEBUG;
				SWIFT_OPTIMIZATION_LEVEL = "-Onone";
			};
			name = Debug;
		};
		A6991FCD27A6AFCD00FA99CC /* Release */ = {
			isa = XCBuildConfiguration;
			buildSettings = {
				ALWAYS_SEARCH_USER_PATHS = NO;
				CLANG_ANALYZER_NONNULL = YES;
				CLANG_ANALYZER_NUMBER_OBJECT_CONVERSION = YES_AGGRESSIVE;
				CLANG_CXX_LANGUAGE_STANDARD = "gnu++17";
				CLANG_CXX_LIBRARY = "libc++";
				CLANG_ENABLE_MODULES = YES;
				CLANG_ENABLE_OBJC_ARC = YES;
				CLANG_ENABLE_OBJC_WEAK = YES;
				CLANG_WARN_BLOCK_CAPTURE_AUTORELEASING = YES;
				CLANG_WARN_BOOL_CONVERSION = YES;
				CLANG_WARN_COMMA = YES;
				CLANG_WARN_CONSTANT_CONVERSION = YES;
				CLANG_WARN_DEPRECATED_OBJC_IMPLEMENTATIONS = YES;
				CLANG_WARN_DIRECT_OBJC_ISA_USAGE = YES_ERROR;
				CLANG_WARN_DOCUMENTATION_COMMENTS = YES;
				CLANG_WARN_EMPTY_BODY = YES;
				CLANG_WARN_ENUM_CONVERSION = YES;
				CLANG_WARN_INFINITE_RECURSION = YES;
				CLANG_WARN_INT_CONVERSION = YES;
				CLANG_WARN_NON_LITERAL_NULL_CONVERSION = YES;
				CLANG_WARN_OBJC_IMPLICIT_RETAIN_SELF = YES;
				CLANG_WARN_OBJC_LITERAL_CONVERSION = YES;
				CLANG_WARN_OBJC_ROOT_CLASS = YES_ERROR;
				CLANG_WARN_QUOTED_INCLUDE_IN_FRAMEWORK_HEADER = YES;
				CLANG_WARN_RANGE_LOOP_ANALYSIS = YES;
				CLANG_WARN_STRICT_PROTOTYPES = YES;
				CLANG_WARN_SUSPICIOUS_MOVE = YES;
				CLANG_WARN_UNGUARDED_AVAILABILITY = YES_AGGRESSIVE;
				CLANG_WARN_UNREACHABLE_CODE = YES;
				CLANG_WARN__DUPLICATE_METHOD_MATCH = YES;
				COPY_PHASE_STRIP = NO;
				DEBUG_INFORMATION_FORMAT = "dwarf-with-dsym";
				ENABLE_NS_ASSERTIONS = NO;
				ENABLE_STRICT_OBJC_MSGSEND = YES;
				GCC_C_LANGUAGE_STANDARD = gnu11;
				GCC_NO_COMMON_BLOCKS = YES;
				GCC_WARN_64_TO_32_BIT_CONVERSION = YES;
				GCC_WARN_ABOUT_RETURN_TYPE = YES_ERROR;
				GCC_WARN_UNDECLARED_SELECTOR = YES;
				GCC_WARN_UNINITIALIZED_AUTOS = YES_AGGRESSIVE;
				GCC_WARN_UNUSED_FUNCTION = YES;
				GCC_WARN_UNUSED_VARIABLE = YES;
				IPHONEOS_DEPLOYMENT_TARGET = 15.2;
				MTL_ENABLE_DEBUG_INFO = NO;
				MTL_FAST_MATH = YES;
				SDKROOT = iphoneos;
				SWIFT_COMPILATION_MODE = wholemodule;
				SWIFT_OPTIMIZATION_LEVEL = "-O";
				VALIDATE_PRODUCT = YES;
			};
			name = Release;
		};
		A6991FCF27A6AFCD00FA99CC /* Debug */ = {
			isa = XCBuildConfiguration;
			buildSettings = {
				ASSETCATALOG_COMPILER_APPICON_NAME = AppIcon;
				ASSETCATALOG_COMPILER_GLOBAL_ACCENT_COLOR_NAME = AccentColor;
				CODE_SIGN_STYLE = Automatic;
				CURRENT_PROJECT_VERSION = 1;
				DEVELOPMENT_TEAM = 68T2QKLHFU;
				GENERATE_INFOPLIST_FILE = YES;
				INFOPLIST_FILE = PhotoCatalog/Info.plist;
				INFOPLIST_KEY_UIApplicationSupportsIndirectInputEvents = YES;
				INFOPLIST_KEY_UILaunchStoryboardName = LaunchScreen;
				INFOPLIST_KEY_UISupportedInterfaceOrientations = "UIInterfaceOrientationPortrait UIInterfaceOrientationLandscapeLeft UIInterfaceOrientationLandscapeRight";
				INFOPLIST_KEY_UISupportedInterfaceOrientations_iPad = "UIInterfaceOrientationPortrait UIInterfaceOrientationPortraitUpsideDown UIInterfaceOrientationLandscapeLeft UIInterfaceOrientationLandscapeRight";
				INFOPLIST_KEY_UISupportedInterfaceOrientations_iPhone = "UIInterfaceOrientationPortrait UIInterfaceOrientationLandscapeLeft UIInterfaceOrientationLandscapeRight";
				LD_RUNPATH_SEARCH_PATHS = (
					"$(inherited)",
					"@executable_path/Frameworks",
				);
				MARKETING_VERSION = 1.0;
				PRODUCT_BUNDLE_IDENTIFIER = com.digidentity.PhotoCatalog;
				PRODUCT_NAME = "$(TARGET_NAME)";
				SWIFT_EMIT_LOC_STRINGS = YES;
				SWIFT_VERSION = 5.0;
				TARGETED_DEVICE_FAMILY = "1,2";
			};
			name = Debug;
		};
		A6991FD027A6AFCD00FA99CC /* Release */ = {
			isa = XCBuildConfiguration;
			buildSettings = {
				ASSETCATALOG_COMPILER_APPICON_NAME = AppIcon;
				ASSETCATALOG_COMPILER_GLOBAL_ACCENT_COLOR_NAME = AccentColor;
				CODE_SIGN_STYLE = Automatic;
				CURRENT_PROJECT_VERSION = 1;
				DEVELOPMENT_TEAM = 68T2QKLHFU;
				GENERATE_INFOPLIST_FILE = YES;
				INFOPLIST_FILE = PhotoCatalog/Info.plist;
				INFOPLIST_KEY_UIApplicationSupportsIndirectInputEvents = YES;
				INFOPLIST_KEY_UILaunchStoryboardName = LaunchScreen;
				INFOPLIST_KEY_UISupportedInterfaceOrientations = "UIInterfaceOrientationPortrait UIInterfaceOrientationLandscapeLeft UIInterfaceOrientationLandscapeRight";
				INFOPLIST_KEY_UISupportedInterfaceOrientations_iPad = "UIInterfaceOrientationPortrait UIInterfaceOrientationPortraitUpsideDown UIInterfaceOrientationLandscapeLeft UIInterfaceOrientationLandscapeRight";
				INFOPLIST_KEY_UISupportedInterfaceOrientations_iPhone = "UIInterfaceOrientationPortrait UIInterfaceOrientationLandscapeLeft UIInterfaceOrientationLandscapeRight";
				LD_RUNPATH_SEARCH_PATHS = (
					"$(inherited)",
					"@executable_path/Frameworks",
				);
				MARKETING_VERSION = 1.0;
				PRODUCT_BUNDLE_IDENTIFIER = com.digidentity.PhotoCatalog;
				PRODUCT_NAME = "$(TARGET_NAME)";
				SWIFT_EMIT_LOC_STRINGS = YES;
				SWIFT_VERSION = 5.0;
				TARGETED_DEVICE_FAMILY = "1,2";
			};
			name = Release;
		};
		A6D59A1D27A753EE00884F9A /* Debug */ = {
			isa = XCBuildConfiguration;
			buildSettings = {
				BUNDLE_LOADER = "$(TEST_HOST)";
				CODE_SIGN_STYLE = Automatic;
				CURRENT_PROJECT_VERSION = 1;
				DEVELOPMENT_TEAM = 68T2QKLHFU;
				GENERATE_INFOPLIST_FILE = YES;
				MARKETING_VERSION = 1.0;
				PRODUCT_BUNDLE_IDENTIFIER = com.digidentity.PhotoCatalogTests;
				PRODUCT_NAME = "$(TARGET_NAME)";
				SWIFT_EMIT_LOC_STRINGS = NO;
				SWIFT_VERSION = 5.0;
				TARGETED_DEVICE_FAMILY = "1,2";
				TEST_HOST = "$(BUILT_PRODUCTS_DIR)/PhotoCatalog.app/PhotoCatalog";
			};
			name = Debug;
		};
		A6D59A1E27A753EE00884F9A /* Release */ = {
			isa = XCBuildConfiguration;
			buildSettings = {
				BUNDLE_LOADER = "$(TEST_HOST)";
				CODE_SIGN_STYLE = Automatic;
				CURRENT_PROJECT_VERSION = 1;
				DEVELOPMENT_TEAM = 68T2QKLHFU;
				GENERATE_INFOPLIST_FILE = YES;
				MARKETING_VERSION = 1.0;
				PRODUCT_BUNDLE_IDENTIFIER = com.digidentity.PhotoCatalogTests;
				PRODUCT_NAME = "$(TARGET_NAME)";
				SWIFT_EMIT_LOC_STRINGS = NO;
				SWIFT_VERSION = 5.0;
				TARGETED_DEVICE_FAMILY = "1,2";
				TEST_HOST = "$(BUILT_PRODUCTS_DIR)/PhotoCatalog.app/PhotoCatalog";
			};
			name = Release;
		};
/* End XCBuildConfiguration section */

/* Begin XCConfigurationList section */
		A6991FB527A6AFCA00FA99CC /* Build configuration list for PBXProject "PhotoCatalog" */ = {
			isa = XCConfigurationList;
			buildConfigurations = (
				A6991FCC27A6AFCD00FA99CC /* Debug */,
				A6991FCD27A6AFCD00FA99CC /* Release */,
			);
			defaultConfigurationIsVisible = 0;
			defaultConfigurationName = Release;
		};
		A6991FCE27A6AFCD00FA99CC /* Build configuration list for PBXNativeTarget "PhotoCatalog" */ = {
			isa = XCConfigurationList;
			buildConfigurations = (
				A6991FCF27A6AFCD00FA99CC /* Debug */,
				A6991FD027A6AFCD00FA99CC /* Release */,
			);
			defaultConfigurationIsVisible = 0;
			defaultConfigurationName = Release;
		};
		A6D59A1F27A753EE00884F9A /* Build configuration list for PBXNativeTarget "PhotoCatalogTests" */ = {
			isa = XCConfigurationList;
			buildConfigurations = (
				A6D59A1D27A753EE00884F9A /* Debug */,
				A6D59A1E27A753EE00884F9A /* Release */,
			);
			defaultConfigurationIsVisible = 0;
			defaultConfigurationName = Release;
		};
/* End XCConfigurationList section */
	};
	rootObject = A6991FB227A6AFCA00FA99CC /* Project object */;
}
